
Microsoft Visual Studio Solution File, Format Version 12.00
# Visual Studio Version 17
VisualStudioVersion = 17.4.33403.182
MinimumVisualStudioVersion = 10.0.40219.1
Project("{9A19103F-16F7-4668-BE54-9A1E7A4F7556}") = "linq-slideviews", "linq-slideviews.csproj", "{7C581578-0844-4EA7-908A-50FF2B50DCC3}"
EndProject
Global
	GlobalSection(SolutionConfigurationPlatforms) = preSolution
		Debug|Any CPU = Debug|Any CPU
		Release|Any CPU = Release|Any CPU
	EndGlobalSection
	GlobalSection(ProjectConfigurationPlatforms) = postSolution
		{7C581578-0844-4EA7-908A-50FF2B50DCC3}.Debug|Any CPU.ActiveCfg = Debug|Any CPU
		{7C581578-0844-4EA7-908A-50FF2B50DCC3}.Debug|Any CPU.Build.0 = Debug|Any CPU
		{7C581578-0844-4EA7-908A-50FF2B50DCC3}.Release|Any CPU.ActiveCfg = Release|Any CPU
		{7C581578-0844-4EA7-908A-50FF2B50DCC3}.Release|Any CPU.Build.0 = Release|Any CPU
	EndGlobalSection
	GlobalSection(SolutionProperties) = preSolution
		HideSolutionNode = FALSE
	EndGlobalSection
	GlobalSection(ExtensibilityGlobals) = postSolution
		SolutionGuid = {CB6E340D-95D8-411C-9B03-8729F0BEE66A}
	EndGlobalSection
EndGlobal
