
Microsoft Visual Studio Solution File, Format Version 12.00
# Visual Studio Version 17
VisualStudioVersion = 17.4.33403.182
MinimumVisualStudioVersion = 10.0.40219.1
Project("{9A19103F-16F7-4668-BE54-9A1E7A4F7556}") = "Clones", "Clones.csproj", "{13115E63-769D-4FBA-8125-75EACF08BC6F}"
EndProject
Global
	GlobalSection(SolutionConfigurationPlatforms) = preSolution
		Debug|Any CPU = Debug|Any CPU
		Release|Any CPU = Release|Any CPU
	EndGlobalSection
	GlobalSection(ProjectConfigurationPlatforms) = postSolution
		{13115E63-769D-4FBA-8125-75EACF08BC6F}.Debug|Any CPU.ActiveCfg = Debug|Any CPU
		{13115E63-769D-4FBA-8125-75EACF08BC6F}.Debug|Any CPU.Build.0 = Debug|Any CPU
		{13115E63-769D-4FBA-8125-75EACF08BC6F}.Release|Any CPU.ActiveCfg = Release|Any CPU
		{13115E63-769D-4FBA-8125-75EACF08BC6F}.Release|Any CPU.Build.0 = Release|Any CPU
	EndGlobalSection
	GlobalSection(SolutionProperties) = preSolution
		HideSolutionNode = FALSE
	EndGlobalSection
	GlobalSection(ExtensibilityGlobals) = postSolution
		SolutionGuid = {24C852D4-FA23-4FF1-9D6B-46F940C71D91}
	EndGlobalSection
EndGlobal
