
Microsoft Visual Studio Solution File, Format Version 12.00
# Visual Studio Version 17
VisualStudioVersion = 17.6.33723.286
MinimumVisualStudioVersion = 10.0.40219.1
Project("{9A19103F-16F7-4668-BE54-9A1E7A4F7556}") = "Rivals", "Rivals.csproj", "{B35533D0-7AB4-4E62-922C-63F824F5500D}"
EndProject
Global
	GlobalSection(SolutionConfigurationPlatforms) = preSolution
		Debug|Any CPU = Debug|Any CPU
		Release|Any CPU = Release|Any CPU
	EndGlobalSection
	GlobalSection(ProjectConfigurationPlatforms) = postSolution
		{B35533D0-7AB4-4E62-922C-63F824F5500D}.Debug|Any CPU.ActiveCfg = Debug|Any CPU
		{B35533D0-7AB4-4E62-922C-63F824F5500D}.Debug|Any CPU.Build.0 = Debug|Any CPU
		{B35533D0-7AB4-4E62-922C-63F824F5500D}.Release|Any CPU.ActiveCfg = Release|Any CPU
		{B35533D0-7AB4-4E62-922C-63F824F5500D}.Release|Any CPU.Build.0 = Release|Any CPU
	EndGlobalSection
	GlobalSection(SolutionProperties) = preSolution
		HideSolutionNode = FALSE
	EndGlobalSection
	GlobalSection(ExtensibilityGlobals) = postSolution
		SolutionGuid = {A3821484-D8F0-4F23-A071-08B49055B614}
	EndGlobalSection
EndGlobal
